{
    "_readme": [
        "This file locks the dependencies of your project to a known state",
        "Read more about it at https://getcomposer.org/doc/01-basic-usage.md#composer-lock-the-lock-file",
        "This file is @generated automatically"
    ],
    "content-hash": "f33f3e4760b6e78b34a016102c0f9e9d",
    "packages": [
        {
            "name": "flc/alidayu",
            "version": "v2.0.5",
            "source": {
                "type": "git",
                "url": "https://github.com/flc1125/alidayu.git",
                "reference": "03a2b8258c55a8530f191af55b5e18554ef7113c"
            },
            "dist": {
                "type": "zip",
                "url": "https://files.phpcomposer.com/files/flc1125/alidayu/03a2b8258c55a8530f191af55b5e18554ef7113c.zip",
                "reference": "03a2b8258c55a8530f191af55b5e18554ef7113c",
                "shasum": ""
            },
            "require": {
                "php": ">=5.4.0"
            },
            "type": "library",
            "autoload": {
                "psr-4": {
                    "Flc\\Alidayu\\": "src/Alidayu/"
                }
            },
            "notification-url": "https://packagist.org/downloads/",
            "license": [
                "MIT"
            ],
            "description": "阿里大于(鱼)API-SDK；适用任何PHP项目，包括Laravel、Yii、Thinkphp等...",
            "keywords": [
                "alidayu",
                "flc"
            ],
            "time": "2017-01-25T08:12:30+00:00"
        }
    ],
    "packages-dev": [],
    "aliases": [],
    "minimum-stability": "stable",
    "stability-flags": [],
    "prefer-stable": false,
    "prefer-lowest": false,
    "platform": [],
    "platform-dev": []
}
